
Microsoft Visual Studio Solution File, Format Version 11.00
# Visual Studio 2010
Project("{8BC9CEB8-8B4A-11D0-8D11-00A0C91BC942}") = "calc_okada", "calc_okada.vcxproj", "{0C7555D5-C3C9-4A36-9496-980981E75027}"
EndProject
Project("{8BC9CEB8-8B4A-11D0-8D11-00A0C91BC942}") = "test_okada", "test_okada.vcxproj", "{F9AC6EE9-D1B6-49A2-9CDC-B265956F74FB}"
EndProject
Global
	GlobalSection(SolutionConfigurationPlatforms) = preSolution
		Debug|Win32 = Debug|Win32
		Release|Win32 = Release|Win32
	EndGlobalSection
	GlobalSection(ProjectConfigurationPlatforms) = postSolution
		{0C7555D5-C3C9-4A36-9496-980981E75027}.Debug|Win32.ActiveCfg = Debug|Win32
		{0C7555D5-C3C9-4A36-9496-980981E75027}.Debug|Win32.Build.0 = Debug|Win32
		{0C7555D5-C3C9-4A36-9496-980981E75027}.Release|Win32.ActiveCfg = Release|Win32
		{0C7555D5-C3C9-4A36-9496-980981E75027}.Release|Win32.Build.0 = Release|Win32
		{F9AC6EE9-D1B6-49A2-9CDC-B265956F74FB}.Debug|Win32.ActiveCfg = Debug|Win32
		{F9AC6EE9-D1B6-49A2-9CDC-B265956F74FB}.Debug|Win32.Build.0 = Debug|Win32
		{F9AC6EE9-D1B6-49A2-9CDC-B265956F74FB}.Release|Win32.ActiveCfg = Release|Win32
		{F9AC6EE9-D1B6-49A2-9CDC-B265956F74FB}.Release|Win32.Build.0 = Release|Win32
	EndGlobalSection
	GlobalSection(SolutionProperties) = preSolution
		HideSolutionNode = FALSE
	EndGlobalSection
EndGlobal
